
Microsoft Visual Studio Solution File, Format Version 12.00
# Visual Studio Version 17
VisualStudioVersion = 17.13.35919.96 d17.13
MinimumVisualStudioVersion = 10.0.40219.1
Project("{FAE04EC0-301F-11D3-BF4B-00C04F79EFBC}") = "Delegates", "Delegates\Delegates.csproj", "{054F9A49-4D7E-4779-8493-08561F14C963}"
EndProject
Project("{FAE04EC0-301F-11D3-BF4B-00C04F79EFBC}") = "FieldValidatorAPI", "FieldValidatorAPI\FieldValidatorAPI.csproj", "{F7DE98D8-C8D8-4299-9EBC-2AA860922ABD}"
EndProject
Global
	GlobalSection(SolutionConfigurationPlatforms) = preSolution
		Debug|Any CPU = Debug|Any CPU
		Release|Any CPU = Release|Any CPU
	EndGlobalSection
	GlobalSection(ProjectConfigurationPlatforms) = postSolution
		{054F9A49-4D7E-4779-8493-08561F14C963}.Debug|Any CPU.ActiveCfg = Debug|Any CPU
		{054F9A49-4D7E-4779-8493-08561F14C963}.Debug|Any CPU.Build.0 = Debug|Any CPU
		{054F9A49-4D7E-4779-8493-08561F14C963}.Release|Any CPU.ActiveCfg = Release|Any CPU
		{054F9A49-4D7E-4779-8493-08561F14C963}.Release|Any CPU.Build.0 = Release|Any CPU
		{F7DE98D8-C8D8-4299-9EBC-2AA860922ABD}.Debug|Any CPU.ActiveCfg = Debug|Any CPU
		{F7DE98D8-C8D8-4299-9EBC-2AA860922ABD}.Debug|Any CPU.Build.0 = Debug|Any CPU
		{F7DE98D8-C8D8-4299-9EBC-2AA860922ABD}.Release|Any CPU.ActiveCfg = Release|Any CPU
		{F7DE98D8-C8D8-4299-9EBC-2AA860922ABD}.Release|Any CPU.Build.0 = Release|Any CPU
	EndGlobalSection
	GlobalSection(SolutionProperties) = preSolution
		HideSolutionNode = FALSE
	EndGlobalSection
	GlobalSection(ExtensibilityGlobals) = postSolution
		SolutionGuid = {3195F3EF-8691-4CA8-BA29-8CC9FCEC8EF9}
	EndGlobalSection
EndGlobal
